PODS:
  - ChameleonFramework (1.2.1):
    - ChameleonFramework/Default (= 1.2.1)
  - ChameleonFramework/Default (1.2.1)
  - JHColorPickerController (0.1.0):
    - ChameleonFramework
    - UIColor-Crayola
    - UIColor-Pantone
  - UIColor-Crayola (1.0)
  - UIColor-Pantone (1.0)

DEPENDENCIES:
  - JHColorPickerController (from `../`)

EXTERNAL SOURCES:
  JHColorPickerController:
    :path: ../

SPEC CHECKSUMS:
  ChameleonFramework: 3476f813ac1615aef0a9a958f05520dfca47e09d
  JHColorPickerController: bc8ff77ab76e478c7c4f942a6ba9a50e53b0a98b
  UIColor-Crayola: 0d2f68032cbea6ba4669b360ffb641d203b41a0d
  UIColor-Pantone: b6e5ab4c032f704f75453cfc0e8a07f68624cff5

COCOAPODS: 0.37.2
