PODS:
  - ChameleonFramework/Default (2.0.4)
  - ChameleonFramework/Swift (2.0.4):
    - ChameleonFramework/Default
  - ColorUtils (1.1.3)
  - JHColorPicker (1.0.2):
    - ChameleonFramework/Swift
    - ColorUtils
    - UIColor-Crayola
    - UIColor-Pantone
  - UIColor-Crayola (1.0)
  - UIColor-Pantone (1.0)

DEPENDENCIES:
  - JHColorPicker (from `../`)

EXTERNAL SOURCES:
  JHColorPicker:
    :path: ../

SPEC CHECKSUMS:
  ChameleonFramework: 5abe69b1f2a6cc79c3c435fcd9d3d855748225ee
  ColorUtils: f99c501f9caf5374b35480a281168565a24bdb6d
  JHColorPicker: 7727c85508f06a478a7e256298903edfca039d4b
  UIColor-Crayola: 0d2f68032cbea6ba4669b360ffb641d203b41a0d
  UIColor-Pantone: b6e5ab4c032f704f75453cfc0e8a07f68624cff5

COCOAPODS: 0.39.0
