PODS:
  - ChameleonFramework/Default (2.1.0)
  - ChameleonFramework/Swift (2.1.0):
    - ChameleonFramework/Default
  - ColorUtils (1.1.3)
  - JHColorPicker (1.1):
    - ChameleonFramework/Swift
    - ColorUtils
    - UIColor-Crayola
    - UIColor-Pantone
  - UIColor-Crayola (1.0)
  - UIColor-Pantone (1.0)

DEPENDENCIES:
  - JHColorPicker (from `../`)

EXTERNAL SOURCES:
  JHColorPicker:
    :path: ../

SPEC CHECKSUMS:
  ChameleonFramework: d21a3cc247abfe5e37609a283a8238b03575cf64
  ColorUtils: f99c501f9caf5374b35480a281168565a24bdb6d
  JHColorPicker: 70a20c94f3827170b17dc10742df7274e596feb3
  UIColor-Crayola: 0d2f68032cbea6ba4669b360ffb641d203b41a0d
  UIColor-Pantone: b6e5ab4c032f704f75453cfc0e8a07f68624cff5

PODFILE CHECKSUM: 1b0364d48458be3ce3bca567d01eeee47e7094c7

COCOAPODS: 1.1.0.rc.2
